<?xml version="1.0" encoding="utf-8"?>
<Project ToolsVersion="4.0" xmlns="http://schemas.microsoft.com/developer/msbuild/2003">
  <ItemGroup>
    <Filter Include="Source Files">
      <UniqueIdentifier>{4FC737F1-C7A5-4376-A066-2A32D752A2FF}</UniqueIdentifier>
      <Extensions>cpp;c;cc;cxx;c++;cppm;ixx;def;odl;idl;hpj;bat;asm;asmx</Extensions>
    </Filter>
    <Filter Include="Header Files">
      <UniqueIdentifier>{93995380-89BD-4b04-88EB-625FBE52EBFB}</UniqueIdentifier>
      <Extensions>h;hh;hpp;hxx;h++;hm;inl;inc;ipp;xsd</Extensions>
    </Filter>
    <Filter Include="Resource Files">
      <UniqueIdentifier>{67DA6AB6-F800-4c08-8B7A-83BB121AAD01}</UniqueIdentifier>
      <Extensions>rc;ico;cur;bmp;dlg;rc2;rct;bin;rgs;gif;jpg;jpeg;jpe;resx;tiff;tif;png;wav;mfcribbon-ms</Extensions>
    </Filter>
    <Filter Include="Header Files\utility">
      <UniqueIdentifier>{b419722f-3f1e-41a4-b06c-625f55758275}</UniqueIdentifier>
    </Filter>
    <Filter Include="Header Files\functional">
      <UniqueIdentifier>{39ef7064-991f-437a-a609-fe516f157dfb}</UniqueIdentifier>
    </Filter>
    <Filter Include="Header Files\iterator">
      <UniqueIdentifier>{4727e2de-e064-407b-9e43-68622fe06f7a}</UniqueIdentifier>
    </Filter>
    <Filter Include="Header Files\algorithm">
      <UniqueIdentifier>{1b60cf04-4f8b-4b40-9668-f4e3d1cabb4c}</UniqueIdentifier>
    </Filter>
    <Filter Include="Header Files\vector">
      <UniqueIdentifier>{c0bf31a6-ed2a-479a-893f-f08c4ab677a0}</UniqueIdentifier>
    </Filter>
    <Filter Include="Header Files\list">
      <UniqueIdentifier>{cab297ca-441b-46ba-a3f6-6767931878ff}</UniqueIdentifier>
    </Filter>
    <Filter Include="Header Files\set">
      <UniqueIdentifier>{91108e0e-4c92-4589-81da-ba1780a2b35b}</UniqueIdentifier>
    </Filter>
    <Filter Include="Header Files\tree">
      <UniqueIdentifier>{adf7f1a3-0b0d-4144-a1a3-e6c2043934e7}</UniqueIdentifier>
    </Filter>
  </ItemGroup>
  <ItemGroup>
    <ClInclude Include="algorithm\sort.h">
      <Filter>Header Files\algorithm</Filter>
    </ClInclude>
    <ClInclude Include="functional\functional.h">
      <Filter>Header Files\functional</Filter>
    </ClInclude>
    <ClInclude Include="functional\greater.h">
      <Filter>Header Files\functional</Filter>
    </ClInclude>
    <ClInclude Include="functional\less.h">
      <Filter>Header Files\functional</Filter>
    </ClInclude>
    <ClInclude Include="iterator\distance.h">
      <Filter>Header Files\iterator</Filter>
    </ClInclude>
    <ClInclude Include="iterator\iterator.h">
      <Filter>Header Files\iterator</Filter>
    </ClInclude>
    <ClInclude Include="iterator\iterator_category.h">
      <Filter>Header Files\iterator</Filter>
    </ClInclude>
    <ClInclude Include="iterator\iterator_traits.h">
      <Filter>Header Files\iterator</Filter>
    </ClInclude>
    <ClInclude Include="utility\move.h">
      <Filter>Header Files\utility</Filter>
    </ClInclude>
    <ClInclude Include="utility\remove_reference.h">
      <Filter>Header Files\utility</Filter>
    </ClInclude>
    <ClInclude Include="utility\swap.h">
      <Filter>Header Files\utility</Filter>
    </ClInclude>
    <ClInclude Include="utility\utility.h">
      <Filter>Header Files\utility</Filter>
    </ClInclude>
    <ClInclude Include="list\ST_List.h">
      <Filter>Header Files\list</Filter>
    </ClInclude>
    <ClInclude Include="vector\ST_Vector.h">
      <Filter>Header Files\vector</Filter>
    </ClInclude>
    <ClInclude Include="vector\vector_iterators.h">
      <Filter>Header Files\vector</Filter>
    </ClInclude>
    <ClInclude Include="vector\vector_const_iterator.h">
      <Filter>Header Files\vector</Filter>
    </ClInclude>
    <ClInclude Include="vector\vector_const_reverse_iterator.h">
      <Filter>Header Files\vector</Filter>
    </ClInclude>
    <ClInclude Include="vector\vector_iterator.h">
      <Filter>Header Files\vector</Filter>
    </ClInclude>
    <ClInclude Include="vector\vector_reverse_iterator.h">
      <Filter>Header Files\vector</Filter>
    </ClInclude>
    <ClInclude Include="vector\advance.h">
      <Filter>Header Files\iterator</Filter>
    </ClInclude>
    <ClInclude Include="iterator\next.h">
      <Filter>Header Files\iterator</Filter>
    </ClInclude>
    <ClInclude Include="iterator\prev.h">
      <Filter>Header Files\iterator</Filter>
    </ClInclude>
    <ClInclude Include="algorithm\insertion_sort.h">
      <Filter>Header Files\algorithm</Filter>
    </ClInclude>
    <ClInclude Include="algorithm\quick_sort.h">
      <Filter>Header Files\algorithm</Filter>
    </ClInclude>
    <ClInclude Include="algorithm\heap_sort.h">
      <Filter>Header Files\algorithm</Filter>
    </ClInclude>
    <ClInclude Include="algorithm\intro_sort.h">
      <Filter>Header Files\algorithm</Filter>
    </ClInclude>
    <ClInclude Include="list\list_const_iterator.h">
      <Filter>Header Files\list</Filter>
    </ClInclude>
    <ClInclude Include="list\list_iterator.h">
      <Filter>Header Files\list</Filter>
    </ClInclude>
    <ClInclude Include="list\list_reverse_iterator.h">
      <Filter>Header Files\list</Filter>
    </ClInclude>
    <ClInclude Include="list\list_const_reverse_iterator.h">
      <Filter>Header Files\list</Filter>
    </ClInclude>
    <ClInclude Include="list\list_iterators.h">
      <Filter>Header Files\list</Filter>
    </ClInclude>
    <ClInclude Include="utility\max.h">
      <Filter>Header Files\utility</Filter>
    </ClInclude>
    <ClInclude Include="utility\min.h">
      <Filter>Header Files\utility</Filter>
    </ClInclude>
    <ClInclude Include="set\ST_Set.h">
      <Filter>Header Files\set</Filter>
    </ClInclude>
    <ClInclude Include="utility\make_pair.h">
      <Filter>Header Files\utility</Filter>
    </ClInclude>
    <ClInclude Include="utility\pair.h">
      <Filter>Header Files\utility</Filter>
    </ClInclude>
    <ClInclude Include="tree\ST_RBTree.h">
      <Filter>Header Files\tree</Filter>
    </ClInclude>
    <ClInclude Include="tree\rbtree_iterator.h">
      <Filter>Header Files\tree</Filter>
    </ClInclude>
    <ClInclude Include="tree\rbtree_iterators.h">
      <Filter>Header Files\tree</Filter>
    </ClInclude>
    <ClInclude Include="tree\rbtree_const_iterator.h">
      <Filter>Header Files\tree</Filter>
    </ClInclude>
    <ClInclude Include="tree\rbtree_reverse_iterator.h">
      <Filter>Header Files\tree</Filter>
    </ClInclude>
    <ClInclude Include="tree\rbtree_const_reverse_iterator.h">
      <Filter>Header Files\tree</Filter>
    </ClInclude>
  </ItemGroup>
  <ItemGroup>
    <ClCompile Include="vector\ST_STL_Test.cpp">
      <Filter>Source Files</Filter>
    </ClCompile>
  </ItemGroup>
</Project>