
Microsoft Visual Studio Solution File, Format Version 12.00
# Visual Studio Version 17
VisualStudioVersion = 17.13.35828.75
MinimumVisualStudioVersion = 10.0.40219.1
Project("{8BC9CEB8-8B4A-11D0-8D11-00A0C91BC942}") = "Vector_Recreation", "Vector_Recreation\Vector_Recreation.vcxproj", "{3A12272A-00FD-43CD-A625-3C916CE8B306}"
EndProject
Project("{8BC9CEB8-8B4A-11D0-8D11-00A0C91BC942}") = "List_Recreation", "List_Recreation\List_Recreation.vcxproj", "{E311921E-53CA-4651-A54D-DE46122C1556}"
EndProject
Project("{8BC9CEB8-8B4A-11D0-8D11-00A0C91BC942}") = "Deque_Recreation", "Deque_Recreation\Deque_Recreation.vcxproj", "{DF7141DB-F02F-4318-974A-953958C55D8E}"
EndProject
Global
	GlobalSection(SolutionConfigurationPlatforms) = preSolution
		Debug|x64 = Debug|x64
		Debug|x86 = Debug|x86
		Release|x64 = Release|x64
		Release|x86 = Release|x86
	EndGlobalSection
	GlobalSection(ProjectConfigurationPlatforms) = postSolution
		{3A12272A-00FD-43CD-A625-3C916CE8B306}.Debug|x64.ActiveCfg = Debug|x64
		{3A12272A-00FD-43CD-A625-3C916CE8B306}.Debug|x64.Build.0 = Debug|x64
		{3A12272A-00FD-43CD-A625-3C916CE8B306}.Debug|x86.ActiveCfg = Debug|Win32
		{3A12272A-00FD-43CD-A625-3C916CE8B306}.Debug|x86.Build.0 = Debug|Win32
		{3A12272A-00FD-43CD-A625-3C916CE8B306}.Release|x64.ActiveCfg = Release|x64
		{3A12272A-00FD-43CD-A625-3C916CE8B306}.Release|x64.Build.0 = Release|x64
		{3A12272A-00FD-43CD-A625-3C916CE8B306}.Release|x86.ActiveCfg = Release|Win32
		{3A12272A-00FD-43CD-A625-3C916CE8B306}.Release|x86.Build.0 = Release|Win32
		{E311921E-53CA-4651-A54D-DE46122C1556}.Debug|x64.ActiveCfg = Debug|x64
		{E311921E-53CA-4651-A54D-DE46122C1556}.Debug|x64.Build.0 = Debug|x64
		{E311921E-53CA-4651-A54D-DE46122C1556}.Debug|x86.ActiveCfg = Debug|Win32
		{E311921E-53CA-4651-A54D-DE46122C1556}.Debug|x86.Build.0 = Debug|Win32
		{E311921E-53CA-4651-A54D-DE46122C1556}.Release|x64.ActiveCfg = Release|x64
		{E311921E-53CA-4651-A54D-DE46122C1556}.Release|x64.Build.0 = Release|x64
		{E311921E-53CA-4651-A54D-DE46122C1556}.Release|x86.ActiveCfg = Release|Win32
		{E311921E-53CA-4651-A54D-DE46122C1556}.Release|x86.Build.0 = Release|Win32
		{DF7141DB-F02F-4318-974A-953958C55D8E}.Debug|x64.ActiveCfg = Debug|x64
		{DF7141DB-F02F-4318-974A-953958C55D8E}.Debug|x64.Build.0 = Debug|x64
		{DF7141DB-F02F-4318-974A-953958C55D8E}.Debug|x86.ActiveCfg = Debug|Win32
		{DF7141DB-F02F-4318-974A-953958C55D8E}.Debug|x86.Build.0 = Debug|Win32
		{DF7141DB-F02F-4318-974A-953958C55D8E}.Release|x64.ActiveCfg = Release|x64
		{DF7141DB-F02F-4318-974A-953958C55D8E}.Release|x64.Build.0 = Release|x64
		{DF7141DB-F02F-4318-974A-953958C55D8E}.Release|x86.ActiveCfg = Release|Win32
		{DF7141DB-F02F-4318-974A-953958C55D8E}.Release|x86.Build.0 = Release|Win32
	EndGlobalSection
	GlobalSection(SolutionProperties) = preSolution
		HideSolutionNode = FALSE
	EndGlobalSection
	GlobalSection(ExtensibilityGlobals) = postSolution
		SolutionGuid = {8B883C33-B058-49C1-8005-8EF6954D954F}
	EndGlobalSection
EndGlobal
